
Microsoft Visual Studio Solution File, Format Version 12.00
# Visual Studio Version 16
VisualStudioVersion = 16.0.30804.86
MinimumVisualStudioVersion = 10.0.40219.1
Project("{FAE04EC0-301F-11D3-BF4B-00C04F79EFBC}") = "ArbeidsKrav1", "ArbeidsKrav1.csproj", "{7FF028A9-4D23-47C5-B3A7-06A37DCDB43D}"
EndProject
Global
	GlobalSection(SolutionConfigurationPlatforms) = preSolution
		Debug|Any CPU = Debug|Any CPU
		Release|Any CPU = Release|Any CPU
	EndGlobalSection
	GlobalSection(ProjectConfigurationPlatforms) = postSolution
		{7FF028A9-4D23-47C5-B3A7-06A37DCDB43D}.Debug|Any CPU.ActiveCfg = Debug|Any CPU
		{7FF028A9-4D23-47C5-B3A7-06A37DCDB43D}.Debug|Any CPU.Build.0 = Debug|Any CPU
		{7FF028A9-4D23-47C5-B3A7-06A37DCDB43D}.Release|Any CPU.ActiveCfg = Release|Any CPU
		{7FF028A9-4D23-47C5-B3A7-06A37DCDB43D}.Release|Any CPU.Build.0 = Release|Any CPU
	EndGlobalSection
	GlobalSection(SolutionProperties) = preSolution
		HideSolutionNode = FALSE
	EndGlobalSection
	GlobalSection(ExtensibilityGlobals) = postSolution
		SolutionGuid = {B941FA38-CC53-4ED9-9170-7B32824A854E}
	EndGlobalSection
EndGlobal
